
Microsoft Visual Studio Solution File, Format Version 12.00
# Visual Studio Version 16
VisualStudioVersion = 16.0.31205.134
MinimumVisualStudioVersion = 10.0.40219.1
Project("{FAE04EC0-301F-11D3-BF4B-00C04F79EFBC}") = "ProjectShop", "ProjectShop\ProjectShop.csproj", "{17967B9C-E209-4DD8-9D68-9F677B709F7C}"
EndProject
Global
	GlobalSection(SolutionConfigurationPlatforms) = preSolution
		Debug|Any CPU = Debug|Any CPU
		Release|Any CPU = Release|Any CPU
	EndGlobalSection
	GlobalSection(ProjectConfigurationPlatforms) = postSolution
		{17967B9C-E209-4DD8-9D68-9F677B709F7C}.Debug|Any CPU.ActiveCfg = Debug|Any CPU
		{17967B9C-E209-4DD8-9D68-9F677B709F7C}.Debug|Any CPU.Build.0 = Debug|Any CPU
		{17967B9C-E209-4DD8-9D68-9F677B709F7C}.Release|Any CPU.ActiveCfg = Release|Any CPU
		{17967B9C-E209-4DD8-9D68-9F677B709F7C}.Release|Any CPU.Build.0 = Release|Any CPU
	EndGlobalSection
	GlobalSection(SolutionProperties) = preSolution
		HideSolutionNode = FALSE
	EndGlobalSection
	GlobalSection(ExtensibilityGlobals) = postSolution
		SolutionGuid = {DCA858EE-9A3D-4E8E-8EA3-B570CED63A3A}
	EndGlobalSection
EndGlobal
